
Microsoft Visual Studio Solution File, Format Version 12.00
# Visual Studio Version 17
VisualStudioVersion = 17.14.36414.22 d17.14
MinimumVisualStudioVersion = 10.0.40219.1
Project("{FAE04EC0-301F-11D3-BF4B-00C04F79EFBC}") = "CorporateKnowledgeBase.Web", "CorporateKnowledgeBase.Web\CorporateKnowledgeBase.Web.csproj", "{FEA60D4B-FC04-4FA8-9A9F-1EFBF6624C23}"
EndProject
Global
	GlobalSection(SolutionConfigurationPlatforms) = preSolution
		Debug|Any CPU = Debug|Any CPU
		Release|Any CPU = Release|Any CPU
	EndGlobalSection
	GlobalSection(ProjectConfigurationPlatforms) = postSolution
		{FEA60D4B-FC04-4FA8-9A9F-1EFBF6624C23}.Debug|Any CPU.ActiveCfg = Debug|Any CPU
		{FEA60D4B-FC04-4FA8-9A9F-1EFBF6624C23}.Debug|Any CPU.Build.0 = Debug|Any CPU
		{FEA60D4B-FC04-4FA8-9A9F-1EFBF6624C23}.Release|Any CPU.ActiveCfg = Release|Any CPU
		{FEA60D4B-FC04-4FA8-9A9F-1EFBF6624C23}.Release|Any CPU.Build.0 = Release|Any CPU
	EndGlobalSection
	GlobalSection(SolutionProperties) = preSolution
		HideSolutionNode = FALSE
	EndGlobalSection
	GlobalSection(ExtensibilityGlobals) = postSolution
		SolutionGuid = {92F44342-A331-4D6A-851C-FF0437C6C179}
	EndGlobalSection
EndGlobal
